{
    "_readme": [
        "This file locks the dependencies of your project to a known state",
        "Read more about it at http://getcomposer.org/doc/01-basic-usage.md#composer-lock-the-lock-file"
    ],
    "hash": "f2a6b7bcc2baec8d7b0262aeea898123",
    "packages": [
        {
            "name": "pusher/pusher-php-server",
            "version": "dev-composer",
            "source": {
                "type": "git",
                "url": "https://github.com/pusher/pusher-php-server.git",
                "reference": "474c38a45d20f619572861aa62d8aea6b3844497"
            },
            "dist": {
                "type": "zip",
                "url": "https://api.github.com/repos/pusher/pusher-php-server/zipball/474c38a45d20f619572861aa62d8aea6b3844497",
                "reference": "474c38a45d20f619572861aa62d8aea6b3844497",
                "shasum": ""
            },
            "require": {
                "ext-curl": "*",
                "php": ">=5.2"
            },
            "require-dev": {
                "phpunit/phpunit": "3.7.*"
            },
            "type": "library",
            "autoload": {
                "classmap": [
                    "lib/"
                ]
            },
            "notification-url": "https://packagist.org/downloads/",
            "license": [
                "MIT"
            ],
            "description": "Library for interacting with the Pusher REST API",
            "homepage": "https://github.com/pusher/pusher-php-server",
            "keywords": [
                "events",
                "php-pusher-server",
                "publish",
                "pusher",
                "realtime",
                "rest",
                "trigger"
            ],
            "time": "2013-09-15 17:23:00"
        }
    ],
    "packages-dev": [

    ],
    "aliases": [

    ],
    "minimum-stability": "stable",
    "stability-flags": {
        "pusher/pusher-php-server": 20
    },
    "platform": [

    ],
    "platform-dev": [

    ]
}
